
Microsoft Visual Studio Solution File, Format Version 12.00
Project("{FAE04EC0-301F-11D3-BF4B-00C04F79EFBC}") = "TestRateLimitedBotClient", "TestRateLimitedBotClient\TestRateLimitedBotClient.csproj", "{3CACBE51-61BF-4D4E-98F8-3E08EFDE57CB}"
EndProject
Global
	GlobalSection(SolutionConfigurationPlatforms) = preSolution
		Debug|Any CPU = Debug|Any CPU
		Release|Any CPU = Release|Any CPU
	EndGlobalSection
	GlobalSection(ProjectConfigurationPlatforms) = postSolution
		{3CACBE51-61BF-4D4E-98F8-3E08EFDE57CB}.Debug|Any CPU.ActiveCfg = Debug|Any CPU
		{3CACBE51-61BF-4D4E-98F8-3E08EFDE57CB}.Debug|Any CPU.Build.0 = Debug|Any CPU
		{3CACBE51-61BF-4D4E-98F8-3E08EFDE57CB}.Release|Any CPU.ActiveCfg = Release|Any CPU
		{3CACBE51-61BF-4D4E-98F8-3E08EFDE57CB}.Release|Any CPU.Build.0 = Release|Any CPU
	EndGlobalSection
EndGlobal
